
Microsoft Visual Studio Solution File, Format Version 12.00
# Visual Studio 15
VisualStudioVersion = 15.0.27004.2005
MinimumVisualStudioVersion = 10.0.40219.1
Project("{FAE04EC0-301F-11D3-BF4B-00C04F79EFBC}") = "ContextSwitcherActions", "ContextSwitcherActions\ContextSwitcherActions.csproj", "{4E2014FC-9A47-49D0-8CFC-7DC731C04590}"
EndProject
Project("{FAE04EC0-301F-11D3-BF4B-00C04F79EFBC}") = "ContextSwitcherUI", "ContextSwitcherUI\ContextSwitcherUI.csproj", "{9361C922-0670-4B79-BA4F-D58710361CC4}"
EndProject
Global
	GlobalSection(SolutionConfigurationPlatforms) = preSolution
		Debug|Any CPU = Debug|Any CPU
		Release|Any CPU = Release|Any CPU
	EndGlobalSection
	GlobalSection(ProjectConfigurationPlatforms) = postSolution
		{4E2014FC-9A47-49D0-8CFC-7DC731C04590}.Debug|Any CPU.ActiveCfg = Debug|Any CPU
		{4E2014FC-9A47-49D0-8CFC-7DC731C04590}.Debug|Any CPU.Build.0 = Debug|Any CPU
		{4E2014FC-9A47-49D0-8CFC-7DC731C04590}.Release|Any CPU.ActiveCfg = Release|Any CPU
		{4E2014FC-9A47-49D0-8CFC-7DC731C04590}.Release|Any CPU.Build.0 = Release|Any CPU
		{9361C922-0670-4B79-BA4F-D58710361CC4}.Debug|Any CPU.ActiveCfg = Debug|Any CPU
		{9361C922-0670-4B79-BA4F-D58710361CC4}.Debug|Any CPU.Build.0 = Debug|Any CPU
		{9361C922-0670-4B79-BA4F-D58710361CC4}.Release|Any CPU.ActiveCfg = Release|Any CPU
		{9361C922-0670-4B79-BA4F-D58710361CC4}.Release|Any CPU.Build.0 = Release|Any CPU
	EndGlobalSection
	GlobalSection(SolutionProperties) = preSolution
		HideSolutionNode = FALSE
	EndGlobalSection
	GlobalSection(ExtensibilityGlobals) = postSolution
		SolutionGuid = {D29E1E3C-C24A-4E21-9B2B-55BD5B9E485F}
	EndGlobalSection
EndGlobal
